<?xml version="1.0" encoding="utf-8"?>
<Project ToolsVersion="4.0" xmlns="http://schemas.microsoft.com/developer/msbuild/2003">
  <ItemGroup>
    <Filter Include="Source">
      <UniqueIdentifier>{2417df41-8750-46bb-aeba-157bb7aefe4a}</UniqueIdentifier>
    </Filter>
    <Filter Include="Include">
      <UniqueIdentifier>{f250f8f9-4f9d-43c3-bcf6-8d210eac7427}</UniqueIdentifier>
    </Filter>
  </ItemGroup>
  <ItemGroup>
    <ClCompile Include="main.cpp">
      <Filter>Source</Filter>
    </ClCompile>
    <ClCompile Include="Component.cpp">
      <Filter>Source</Filter>
    </ClCompile>
    <ClCompile Include="GameObject.cpp">
      <Filter>Source</Filter>
    </ClCompile>
    <ClCompile Include="RenderComponent.cpp">
      <Filter>Source</Filter>
    </ClCompile>
    <ClCompile Include="TransformComponent.cpp">
      <Filter>Source</Filter>
    </ClCompile>
    <ClCompile Include="TransformComponentFactory.cpp">
      <Filter>Source</Filter>
    </ClCompile>
    <ClCompile Include="RenderComponentFactory.cpp">
      <Filter>Source</Filter>
    </ClCompile>
    <ClCompile Include="RenderSystem.cpp">
      <Filter>Source</Filter>
    </ClCompile>
    <ClCompile Include="PhysicsComponent.cpp" />
    <ClCompile Include="PhysicsComponentFactory.cpp" />
    <ClCompile Include="PhysicsSystem.cpp" />
  </ItemGroup>
  <ItemGroup>
    <ClInclude Include="GameObject.h">
      <Filter>Include</Filter>
    </ClInclude>
    <ClInclude Include="Component.h">
      <Filter>Include</Filter>
    </ClInclude>
    <ClInclude Include="TransformComponent.h">
      <Filter>Include</Filter>
    </ClInclude>
    <ClInclude Include="RenderComponent.h">
      <Filter>Include</Filter>
    </ClInclude>
    <ClInclude Include="TransformComponentFactory.h">
      <Filter>Include</Filter>
    </ClInclude>
    <ClInclude Include="RenderComponentFactory.h">
      <Filter>Include</Filter>
    </ClInclude>
    <ClInclude Include="RenderSystem.h">
      <Filter>Include</Filter>
    </ClInclude>
    <ClInclude Include="PhysicsComponent.h" />
    <ClInclude Include="PhysicsComponentFactory.h" />
    <ClInclude Include="PhysicsSystem.h" />
  </ItemGroup>
</Project>